
Microsoft Visual Studio Solution File, Format Version 12.00
# Visual Studio Version 17
VisualStudioVersion = 17.11.35219.272
MinimumVisualStudioVersion = 10.0.40219.1
Project("{FAE04EC0-301F-11D3-BF4B-00C04F79EFBC}") = "ECOM_MVC", "ECOM_MVC.csproj", "{8AB9A53C-A9AB-45C7-BAC7-2E397C60512B}"
EndProject
Global
	GlobalSection(SolutionConfigurationPlatforms) = preSolution
		Debug|Any CPU = Debug|Any CPU
		Release|Any CPU = Release|Any CPU
	EndGlobalSection
	GlobalSection(ProjectConfigurationPlatforms) = postSolution
		{8AB9A53C-A9AB-45C7-BAC7-2E397C60512B}.Debug|Any CPU.ActiveCfg = Debug|Any CPU
		{8AB9A53C-A9AB-45C7-BAC7-2E397C60512B}.Debug|Any CPU.Build.0 = Debug|Any CPU
		{8AB9A53C-A9AB-45C7-BAC7-2E397C60512B}.Release|Any CPU.ActiveCfg = Release|Any CPU
		{8AB9A53C-A9AB-45C7-BAC7-2E397C60512B}.Release|Any CPU.Build.0 = Release|Any CPU
	EndGlobalSection
	GlobalSection(SolutionProperties) = preSolution
		HideSolutionNode = FALSE
	EndGlobalSection
	GlobalSection(ExtensibilityGlobals) = postSolution
		SolutionGuid = {4C3558D7-939F-47F7-B0C3-41FAF9E3390B}
	EndGlobalSection
EndGlobal
